
Microsoft Visual Studio Solution File, Format Version 12.00
# Visual Studio Version 17
VisualStudioVersion = 17.2.32630.192
MinimumVisualStudioVersion = 10.0.40219.1
Project("{FAE04EC0-301F-11D3-BF4B-00C04F79EFBC}") = "SloppyJoeBudgetHouse", "SloppyJoeBudgetHouse\SloppyJoeBudgetHouse.csproj", "{09868512-48F7-4542-9DBF-5C9E74A81F19}"
EndProject
Global
	GlobalSection(SolutionConfigurationPlatforms) = preSolution
		Debug|Any CPU = Debug|Any CPU
		Release|Any CPU = Release|Any CPU
	EndGlobalSection
	GlobalSection(ProjectConfigurationPlatforms) = postSolution
		{09868512-48F7-4542-9DBF-5C9E74A81F19}.Debug|Any CPU.ActiveCfg = Debug|Any CPU
		{09868512-48F7-4542-9DBF-5C9E74A81F19}.Debug|Any CPU.Build.0 = Debug|Any CPU
		{09868512-48F7-4542-9DBF-5C9E74A81F19}.Release|Any CPU.ActiveCfg = Release|Any CPU
		{09868512-48F7-4542-9DBF-5C9E74A81F19}.Release|Any CPU.Build.0 = Release|Any CPU
	EndGlobalSection
	GlobalSection(SolutionProperties) = preSolution
		HideSolutionNode = FALSE
	EndGlobalSection
	GlobalSection(ExtensibilityGlobals) = postSolution
		SolutionGuid = {06A097D7-F97D-444E-99D2-BDCEB421ECB6}
	EndGlobalSection
EndGlobal
